// !$*UTF8*$!
{
	archiveVersion = 1;
	classes = {
	};
	objectVersion = 46;
	objects = {

/* Begin PBXBuildFile section */
		06E5A360B83DC15C93686F5E /* Pods_FitnessUITests.framework in Frameworks */ = {isa = PBXBuildFile; fileRef = C8FF9ED69755F90394103FFD /* Pods_FitnessUITests.framework */; };
		9F1E5AF1FCA54582DA27B2B4 /* Pods_Fitness.framework in Frameworks */ = {isa = PBXBuildFile; fileRef = 79BF856188C426F68E1D8B14 /* Pods_Fitness.framework */; };
		E44B032DE3C3FCB8A1F4A233 /* Pods_FitnessTests.framework in Frameworks */ = {isa = PBXBuildFile; fileRef = DDECE7E601B4A447FEBB2E36 /* Pods_FitnessTests.framework */; };
		FF1E36591DCEB50F005276ED /* AppDelegate.swift in Sources */ = {isa = PBXBuildFile; fileRef = FF1E36581DCEB50F005276ED /* AppDelegate.swift */; };
		FF1E365B1DCEB50F005276ED /* ViewController.swift in Sources */ = {isa = PBXBuildFile; fileRef = FF1E365A1DCEB50F005276ED /* ViewController.swift */; };
		FF1E36601DCEB50F005276ED /* Assets.xcassets in Resources */ = {isa = PBXBuildFile; fileRef = FF1E365F1DCEB50F005276ED /* Assets.xcassets */; };
		FF1E36631DCEB50F005276ED /* LaunchScreen.storyboard in Resources */ = {isa = PBXBuildFile; fileRef = FF1E36611DCEB50F005276ED /* LaunchScreen.storyboard */; };
		FF1E366E1DCEB50F005276ED /* FitnessTests.swift in Sources */ = {isa = PBXBuildFile; fileRef = FF1E366D1DCEB50F005276ED /* FitnessTests.swift */; };
		FF1E36791DCEB50F005276ED /* FitnessUITests.swift in Sources */ = {isa = PBXBuildFile; fileRef = FF1E36781DCEB50F005276ED /* FitnessUITests.swift */; };
		FF1E368C1DCEB67F005276ED /* Colors.swift in Sources */ = {isa = PBXBuildFile; fileRef = FF1E368B1DCEB67F005276ED /* Colors.swift */; };
		FF1E368E1DCEB7BF005276ED /* Exercise.swift in Sources */ = {isa = PBXBuildFile; fileRef = FF1E368D1DCEB7BF005276ED /* Exercise.swift */; };
		FF2740D31DCF3E3C0004F77C /* Errors.swift in Sources */ = {isa = PBXBuildFile; fileRef = FF2740D21DCF3E3C0004F77C /* Errors.swift */; };
		FF30C4D01DCFE42F00343692 /* StringExtensions.swift in Sources */ = {isa = PBXBuildFile; fileRef = FF30C4CF1DCFE42F00343692 /* StringExtensions.swift */; };
		FF46A0291DCF325B00D476AC /* APIClient.swift in Sources */ = {isa = PBXBuildFile; fileRef = FF46A0281DCF325B00D476AC /* APIClient.swift */; };
		FF46A02C1DCF33D400D476AC /* MidSizeLabel.swift in Sources */ = {isa = PBXBuildFile; fileRef = FF46A02B1DCF33D400D476AC /* MidSizeLabel.swift */; };
		FF46A0301DCF341100D476AC /* Branding-Black.otf in Resources */ = {isa = PBXBuildFile; fileRef = FF46A02D1DCF341100D476AC /* Branding-Black.otf */; };
		FF46A0311DCF341100D476AC /* Branding-Medium.otf in Resources */ = {isa = PBXBuildFile; fileRef = FF46A02E1DCF341100D476AC /* Branding-Medium.otf */; };
		FF46A0321DCF341100D476AC /* Branding-SemiLight.otf in Resources */ = {isa = PBXBuildFile; fileRef = FF46A02F1DCF341100D476AC /* Branding-SemiLight.otf */; };
		FF46A03C1DCF39CB00D476AC /* FitnessClient.swift in Sources */ = {isa = PBXBuildFile; fileRef = FF46A03B1DCF39CB00D476AC /* FitnessClient.swift */; };
		FF51136A1DCEC58F00AB100D /* CustomCollectionView.swift in Sources */ = {isa = PBXBuildFile; fileRef = FF5113691DCEC58F00AB100D /* CustomCollectionView.swift */; };
		FF51136C1DCEC77600AB100D /* Constants.swift in Sources */ = {isa = PBXBuildFile; fileRef = FF51136B1DCEC77600AB100D /* Constants.swift */; };
		FFEBDC761DCEC05900B638B3 /* ExerciseCard.swift in Sources */ = {isa = PBXBuildFile; fileRef = FFEBDC751DCEC05900B638B3 /* ExerciseCard.swift */; };
/* End PBXBuildFile section */

/* Begin PBXContainerItemProxy section */
		FF1E366A1DCEB50F005276ED /* PBXContainerItemProxy */ = {
			isa = PBXContainerItemProxy;
			containerPortal = FF1E364D1DCEB50F005276ED /* Project object */;
			proxyType = 1;
			remoteGlobalIDString = FF1E36541DCEB50F005276ED;
			remoteInfo = Fitness;
		};
		FF1E36751DCEB50F005276ED /* PBXContainerItemProxy */ = {
			isa = PBXContainerItemProxy;
			containerPortal = FF1E364D1DCEB50F005276ED /* Project object */;
			proxyType = 1;
			remoteGlobalIDString = FF1E36541DCEB50F005276ED;
			remoteInfo = Fitness;
		};
/* End PBXContainerItemProxy section */

/* Begin PBXFileReference section */
		379D9431108E04DE534C2637 /* Pods-Fitness.debug.xcconfig */ = {isa = PBXFileReference; includeInIndex = 1; lastKnownFileType = text.xcconfig; name = "Pods-Fitness.debug.xcconfig"; path = "Pods/Target Support Files/Pods-Fitness/Pods-Fitness.debug.xcconfig"; sourceTree = "<group>"; };
		3C7D1E3EA774741BCBB0887D /* Pods-FitnessUITests.debug.xcconfig */ = {isa = PBXFileReference; includeInIndex = 1; lastKnownFileType = text.xcconfig; name = "Pods-FitnessUITests.debug.xcconfig"; path = "Pods/Target Support Files/Pods-FitnessUITests/Pods-FitnessUITests.debug.xcconfig"; sourceTree = "<group>"; };
		465FD7FF192E9EE80F85C086 /* Pods-FitnessUITests.release.xcconfig */ = {isa = PBXFileReference; includeInIndex = 1; lastKnownFileType = text.xcconfig; name = "Pods-FitnessUITests.release.xcconfig"; path = "Pods/Target Support Files/Pods-FitnessUITests/Pods-FitnessUITests.release.xcconfig"; sourceTree = "<group>"; };
		5AF0B5C3E646CF1A11CCEEA6 /* Pods-FitnessTests.release.xcconfig */ = {isa = PBXFileReference; includeInIndex = 1; lastKnownFileType = text.xcconfig; name = "Pods-FitnessTests.release.xcconfig"; path = "Pods/Target Support Files/Pods-FitnessTests/Pods-FitnessTests.release.xcconfig"; sourceTree = "<group>"; };
		79BF856188C426F68E1D8B14 /* Pods_Fitness.framework */ = {isa = PBXFileReference; explicitFileType = wrapper.framework; includeInIndex = 0; path = Pods_Fitness.framework; sourceTree = BUILT_PRODUCTS_DIR; };
		B6FD347DAA0088FAC7245D01 /* Pods-Fitness.release.xcconfig */ = {isa = PBXFileReference; includeInIndex = 1; lastKnownFileType = text.xcconfig; name = "Pods-Fitness.release.xcconfig"; path = "Pods/Target Support Files/Pods-Fitness/Pods-Fitness.release.xcconfig"; sourceTree = "<group>"; };
		C8FF9ED69755F90394103FFD /* Pods_FitnessUITests.framework */ = {isa = PBXFileReference; explicitFileType = wrapper.framework; includeInIndex = 0; path = Pods_FitnessUITests.framework; sourceTree = BUILT_PRODUCTS_DIR; };
		DDECE7E601B4A447FEBB2E36 /* Pods_FitnessTests.framework */ = {isa = PBXFileReference; explicitFileType = wrapper.framework; includeInIndex = 0; path = Pods_FitnessTests.framework; sourceTree = BUILT_PRODUCTS_DIR; };
		EF72AB03D7CEF1EF0AE4EDBE /* Pods-FitnessTests.debug.xcconfig */ = {isa = PBXFileReference; includeInIndex = 1; lastKnownFileType = text.xcconfig; name = "Pods-FitnessTests.debug.xcconfig"; path = "Pods/Target Support Files/Pods-FitnessTests/Pods-FitnessTests.debug.xcconfig"; sourceTree = "<group>"; };
		FF1E36551DCEB50F005276ED /* Fitness.app */ = {isa = PBXFileReference; explicitFileType = wrapper.application; includeInIndex = 0; path = Fitness.app; sourceTree = BUILT_PRODUCTS_DIR; };
		FF1E36581DCEB50F005276ED /* AppDelegate.swift */ = {isa = PBXFileReference; lastKnownFileType = sourcecode.swift; path = AppDelegate.swift; sourceTree = "<group>"; };
		FF1E365A1DCEB50F005276ED /* ViewController.swift */ = {isa = PBXFileReference; lastKnownFileType = sourcecode.swift; path = ViewController.swift; sourceTree = "<group>"; };
		FF1E365F1DCEB50F005276ED /* Assets.xcassets */ = {isa = PBXFileReference; lastKnownFileType = folder.assetcatalog; path = Assets.xcassets; sourceTree = "<group>"; };
		FF1E36621DCEB50F005276ED /* Base */ = {isa = PBXFileReference; lastKnownFileType = file.storyboard; name = Base; path = Base.lproj/LaunchScreen.storyboard; sourceTree = "<group>"; };
		FF1E36641DCEB50F005276ED /* Info.plist */ = {isa = PBXFileReference; lastKnownFileType = text.plist.xml; path = Info.plist; sourceTree = "<group>"; };
		FF1E36691DCEB50F005276ED /* FitnessTests.xctest */ = {isa = PBXFileReference; explicitFileType = wrapper.cfbundle; includeInIndex = 0; path = FitnessTests.xctest; sourceTree = BUILT_PRODUCTS_DIR; };
		FF1E366D1DCEB50F005276ED /* FitnessTests.swift */ = {isa = PBXFileReference; lastKnownFileType = sourcecode.swift; path = FitnessTests.swift; sourceTree = "<group>"; };
		FF1E366F1DCEB50F005276ED /* Info.plist */ = {isa = PBXFileReference; lastKnownFileType = text.plist.xml; path = Info.plist; sourceTree = "<group>"; };
		FF1E36741DCEB50F005276ED /* FitnessUITests.xctest */ = {isa = PBXFileReference; explicitFileType = wrapper.cfbundle; includeInIndex = 0; path = FitnessUITests.xctest; sourceTree = BUILT_PRODUCTS_DIR; };
		FF1E36781DCEB50F005276ED /* FitnessUITests.swift */ = {isa = PBXFileReference; lastKnownFileType = sourcecode.swift; path = FitnessUITests.swift; sourceTree = "<group>"; };
		FF1E367A1DCEB50F005276ED /* Info.plist */ = {isa = PBXFileReference; lastKnownFileType = text.plist.xml; path = Info.plist; sourceTree = "<group>"; };
		FF1E368B1DCEB67F005276ED /* Colors.swift */ = {isa = PBXFileReference; fileEncoding = 4; lastKnownFileType = sourcecode.swift; name = Colors.swift; path = "Constants:Colors/Colors.swift"; sourceTree = "<group>"; };
		FF1E368D1DCEB7BF005276ED /* Exercise.swift */ = {isa = PBXFileReference; fileEncoding = 4; lastKnownFileType = sourcecode.swift; name = Exercise.swift; path = Data/Exercise.swift; sourceTree = "<group>"; };
		FF2740D21DCF3E3C0004F77C /* Errors.swift */ = {isa = PBXFileReference; fileEncoding = 4; lastKnownFileType = sourcecode.swift; name = Errors.swift; path = Errors/Errors.swift; sourceTree = "<group>"; };
		FF30C4CF1DCFE42F00343692 /* StringExtensions.swift */ = {isa = PBXFileReference; fileEncoding = 4; lastKnownFileType = sourcecode.swift; name = StringExtensions.swift; path = Library/StringExtensions.swift; sourceTree = "<group>"; };
		FF46A0281DCF325B00D476AC /* APIClient.swift */ = {isa = PBXFileReference; fileEncoding = 4; lastKnownFileType = sourcecode.swift; name = APIClient.swift; path = Services/APIClient.swift; sourceTree = "<group>"; };
		FF46A02B1DCF33D400D476AC /* MidSizeLabel.swift */ = {isa = PBXFileReference; fileEncoding = 4; lastKnownFileType = sourcecode.swift; name = MidSizeLabel.swift; path = CustomLabels/MidSizeLabel.swift; sourceTree = "<group>"; };
		FF46A02D1DCF341100D476AC /* Branding-Black.otf */ = {isa = PBXFileReference; lastKnownFileType = file; name = "Branding-Black.otf"; path = "CustomFonts/Branding-Black.otf"; sourceTree = "<group>"; };
		FF46A02E1DCF341100D476AC /* Branding-Medium.otf */ = {isa = PBXFileReference; lastKnownFileType = file; name = "Branding-Medium.otf"; path = "CustomFonts/Branding-Medium.otf"; sourceTree = "<group>"; };
		FF46A02F1DCF341100D476AC /* Branding-SemiLight.otf */ = {isa = PBXFileReference; lastKnownFileType = file; name = "Branding-SemiLight.otf"; path = "CustomFonts/Branding-SemiLight.otf"; sourceTree = "<group>"; };
		FF46A03B1DCF39CB00D476AC /* FitnessClient.swift */ = {isa = PBXFileReference; fileEncoding = 4; lastKnownFileType = sourcecode.swift; name = FitnessClient.swift; path = Services/FitnessClient.swift; sourceTree = "<group>"; };
		FF5113691DCEC58F00AB100D /* CustomCollectionView.swift */ = {isa = PBXFileReference; fileEncoding = 4; lastKnownFileType = sourcecode.swift; name = CustomCollectionView.swift; path = CustomViews/CustomCollectionView.swift; sourceTree = "<group>"; };
		FF51136B1DCEC77600AB100D /* Constants.swift */ = {isa = PBXFileReference; fileEncoding = 4; lastKnownFileType = sourcecode.swift; name = Constants.swift; path = "Constants:Colors/Constants.swift"; sourceTree = "<group>"; };
		FFEBDC751DCEC05900B638B3 /* ExerciseCard.swift */ = {isa = PBXFileReference; fileEncoding = 4; lastKnownFileType = sourcecode.swift; name = ExerciseCard.swift; path = Card/ExerciseCard.swift; sourceTree = "<group>"; };
/* End PBXFileReference section */

/* Begin PBXFrameworksBuildPhase section */
		FF1E36521DCEB50F005276ED /* Frameworks */ = {
			isa = PBXFrameworksBuildPhase;
			buildActionMask = 2147483647;
			files = (
				9F1E5AF1FCA54582DA27B2B4 /* Pods_Fitness.framework in Frameworks */,
			);
			runOnlyForDeploymentPostprocessing = 0;
		};
		FF1E36661DCEB50F005276ED /* Frameworks */ = {
			isa = PBXFrameworksBuildPhase;
			buildActionMask = 2147483647;
			files = (
				E44B032DE3C3FCB8A1F4A233 /* Pods_FitnessTests.framework in Frameworks */,
			);
			runOnlyForDeploymentPostprocessing = 0;
		};
		FF1E36711DCEB50F005276ED /* Frameworks */ = {
			isa = PBXFrameworksBuildPhase;
			buildActionMask = 2147483647;
			files = (
				06E5A360B83DC15C93686F5E /* Pods_FitnessUITests.framework in Frameworks */,
			);
			runOnlyForDeploymentPostprocessing = 0;
		};
/* End PBXFrameworksBuildPhase section */

/* Begin PBXGroup section */
		BBF420AE13034E2665BF7115 /* Frameworks */ = {
			isa = PBXGroup;
			children = (
				79BF856188C426F68E1D8B14 /* Pods_Fitness.framework */,
				DDECE7E601B4A447FEBB2E36 /* Pods_FitnessTests.framework */,
				C8FF9ED69755F90394103FFD /* Pods_FitnessUITests.framework */,
			);
			name = Frameworks;
			sourceTree = "<group>";
		};
		BE3235E4C4A256033B46E4A8 /* Pods */ = {
			isa = PBXGroup;
			children = (
				379D9431108E04DE534C2637 /* Pods-Fitness.debug.xcconfig */,
				B6FD347DAA0088FAC7245D01 /* Pods-Fitness.release.xcconfig */,
				EF72AB03D7CEF1EF0AE4EDBE /* Pods-FitnessTests.debug.xcconfig */,
				5AF0B5C3E646CF1A11CCEEA6 /* Pods-FitnessTests.release.xcconfig */,
				3C7D1E3EA774741BCBB0887D /* Pods-FitnessUITests.debug.xcconfig */,
				465FD7FF192E9EE80F85C086 /* Pods-FitnessUITests.release.xcconfig */,
			);
			name = Pods;
			sourceTree = "<group>";
		};
		FF1E364C1DCEB50F005276ED = {
			isa = PBXGroup;
			children = (
				FF1E36571DCEB50F005276ED /* Fitness */,
				FF1E366C1DCEB50F005276ED /* FitnessTests */,
				FF1E36771DCEB50F005276ED /* FitnessUITests */,
				FF1E36561DCEB50F005276ED /* Products */,
				BE3235E4C4A256033B46E4A8 /* Pods */,
				BBF420AE13034E2665BF7115 /* Frameworks */,
			);
			sourceTree = "<group>";
		};
		FF1E36561DCEB50F005276ED /* Products */ = {
			isa = PBXGroup;
			children = (
				FF1E36551DCEB50F005276ED /* Fitness.app */,
				FF1E36691DCEB50F005276ED /* FitnessTests.xctest */,
				FF1E36741DCEB50F005276ED /* FitnessUITests.xctest */,
			);
			name = Products;
			sourceTree = "<group>";
		};
		FF1E36571DCEB50F005276ED /* Fitness */ = {
			isa = PBXGroup;
			children = (
				FF1E36581DCEB50F005276ED /* AppDelegate.swift */,
				FF1E365A1DCEB50F005276ED /* ViewController.swift */,
				FF30C4CE1DCFE41700343692 /* Library */,
				FFEBDC741DCEC03400B638B3 /* Card */,
				FF1E368A1DCEB58B005276ED /* Services */,
				FF1E36881DCEB574005276ED /* Errors */,
				FF1E36871DCEB563005276ED /* Constants/Colors */,
				FF1E36861DCEB51A005276ED /* Data */,
				FF1E36891DCEB57D005276ED /* CustomViews */,
				FF46A02A1DCF338E00D476AC /* CustomFonts */,
				FFE2F1CE1DCEBD3000F88197 /* CustomFonts */,
				FF1E365F1DCEB50F005276ED /* Assets.xcassets */,
				FF1E36611DCEB50F005276ED /* LaunchScreen.storyboard */,
				FF1E36641DCEB50F005276ED /* Info.plist */,
			);
			path = Fitness;
			sourceTree = "<group>";
		};
		FF1E366C1DCEB50F005276ED /* FitnessTests */ = {
			isa = PBXGroup;
			children = (
				FF1E366D1DCEB50F005276ED /* FitnessTests.swift */,
				FF1E366F1DCEB50F005276ED /* Info.plist */,
			);
			path = FitnessTests;
			sourceTree = "<group>";
		};
		FF1E36771DCEB50F005276ED /* FitnessUITests */ = {
			isa = PBXGroup;
			children = (
				FF1E36781DCEB50F005276ED /* FitnessUITests.swift */,
				FF1E367A1DCEB50F005276ED /* Info.plist */,
			);
			path = FitnessUITests;
			sourceTree = "<group>";
		};
		FF1E36861DCEB51A005276ED /* Data */ = {
			isa = PBXGroup;
			children = (
				FF1E368D1DCEB7BF005276ED /* Exercise.swift */,
			);
			name = Data;
			sourceTree = "<group>";
		};
		FF1E36871DCEB563005276ED /* Constants/Colors */ = {
			isa = PBXGroup;
			children = (
				FF1E368B1DCEB67F005276ED /* Colors.swift */,
				FF51136B1DCEC77600AB100D /* Constants.swift */,
			);
			name = Constants/Colors;
			sourceTree = "<group>";
		};
		FF1E36881DCEB574005276ED /* Errors */ = {
			isa = PBXGroup;
			children = (
				FF2740D21DCF3E3C0004F77C /* Errors.swift */,
			);
			name = Errors;
			sourceTree = "<group>";
		};
		FF1E36891DCEB57D005276ED /* CustomViews */ = {
			isa = PBXGroup;
			children = (
				FF5113691DCEC58F00AB100D /* CustomCollectionView.swift */,
			);
			name = CustomViews;
			sourceTree = "<group>";
		};
		FF1E368A1DCEB58B005276ED /* Services */ = {
			isa = PBXGroup;
			children = (
				FF46A0281DCF325B00D476AC /* APIClient.swift */,
				FF46A03B1DCF39CB00D476AC /* FitnessClient.swift */,
			);
			name = Services;
			sourceTree = "<group>";
		};
		FF30C4CE1DCFE41700343692 /* Library */ = {
			isa = PBXGroup;
			children = (
				FF30C4CF1DCFE42F00343692 /* StringExtensions.swift */,
			);
			name = Library;
			sourceTree = "<group>";
		};
		FF46A02A1DCF338E00D476AC /* CustomFonts */ = {
			isa = PBXGroup;
			children = (
				FF46A02B1DCF33D400D476AC /* MidSizeLabel.swift */,
			);
			name = CustomFonts;
			sourceTree = "<group>";
		};
		FFE2F1CE1DCEBD3000F88197 /* CustomFonts */ = {
			isa = PBXGroup;
			children = (
				FF46A02D1DCF341100D476AC /* Branding-Black.otf */,
				FF46A02E1DCF341100D476AC /* Branding-Medium.otf */,
				FF46A02F1DCF341100D476AC /* Branding-SemiLight.otf */,
			);
			name = CustomFonts;
			sourceTree = "<group>";
		};
		FFEBDC741DCEC03400B638B3 /* Card */ = {
			isa = PBXGroup;
			children = (
				FFEBDC751DCEC05900B638B3 /* ExerciseCard.swift */,
			);
			name = Card;
			sourceTree = "<group>";
		};
/* End PBXGroup section */

/* Begin PBXNativeTarget section */
		FF1E36541DCEB50F005276ED /* Fitness */ = {
			isa = PBXNativeTarget;
			buildConfigurationList = FF1E367D1DCEB50F005276ED /* Build configuration list for PBXNativeTarget "Fitness" */;
			buildPhases = (
				5FD48019DFCBD48884EF55AA /* [CP] Check Pods Manifest.lock */,
				FF1E36511DCEB50F005276ED /* Sources */,
				FF1E36521DCEB50F005276ED /* Frameworks */,
				FF1E36531DCEB50F005276ED /* Resources */,
				1589E7AF7011C62F2C3E40EE /* [CP] Embed Pods Frameworks */,
				7133E0399EEAFBDFB53F1B6E /* [CP] Copy Pods Resources */,
			);
			buildRules = (
			);
			dependencies = (
			);
			name = Fitness;
			productName = Fitness;
			productReference = FF1E36551DCEB50F005276ED /* Fitness.app */;
			productType = "com.apple.product-type.application";
		};
		FF1E36681DCEB50F005276ED /* FitnessTests */ = {
			isa = PBXNativeTarget;
			buildConfigurationList = FF1E36801DCEB50F005276ED /* Build configuration list for PBXNativeTarget "FitnessTests" */;
			buildPhases = (
				C0256D4310FC5FB5CC93CF8F /* [CP] Check Pods Manifest.lock */,
				FF1E36651DCEB50F005276ED /* Sources */,
				FF1E36661DCEB50F005276ED /* Frameworks */,
				FF1E36671DCEB50F005276ED /* Resources */,
				C736FC11E82DDF36F2B70B5B /* [CP] Embed Pods Frameworks */,
				68EE0EE0188C7DB42D170FD0 /* [CP] Copy Pods Resources */,
			);
			buildRules = (
			);
			dependencies = (
				FF1E366B1DCEB50F005276ED /* PBXTargetDependency */,
			);
			name = FitnessTests;
			productName = FitnessTests;
			productReference = FF1E36691DCEB50F005276ED /* FitnessTests.xctest */;
			productType = "com.apple.product-type.bundle.unit-test";
		};
		FF1E36731DCEB50F005276ED /* FitnessUITests */ = {
			isa = PBXNativeTarget;
			buildConfigurationList = FF1E36831DCEB50F005276ED /* Build configuration list for PBXNativeTarget "FitnessUITests" */;
			buildPhases = (
				6785CB4BF17A136F7F2AFCDD /* [CP] Check Pods Manifest.lock */,
				FF1E36701DCEB50F005276ED /* Sources */,
				FF1E36711DCEB50F005276ED /* Frameworks */,
				FF1E36721DCEB50F005276ED /* Resources */,
				A6DC62DF0374189252A613BB /* [CP] Embed Pods Frameworks */,
				900772B2E975168F9D64418C /* [CP] Copy Pods Resources */,
			);
			buildRules = (
			);
			dependencies = (
				FF1E36761DCEB50F005276ED /* PBXTargetDependency */,
			);
			name = FitnessUITests;
			productName = FitnessUITests;
			productReference = FF1E36741DCEB50F005276ED /* FitnessUITests.xctest */;
			productType = "com.apple.product-type.bundle.ui-testing";
		};
/* End PBXNativeTarget section */

/* Begin PBXProject section */
		FF1E364D1DCEB50F005276ED /* Project object */ = {
			isa = PBXProject;
			attributes = {
				LastSwiftUpdateCheck = 0810;
				LastUpgradeCheck = 0810;
				ORGANIZATIONNAME = "Josep Bordes Jové";
				TargetAttributes = {
					FF1E36541DCEB50F005276ED = {
						CreatedOnToolsVersion = 8.1;
						DevelopmentTeam = 2DX87RQR8M;
						LastSwiftMigration = 0810;
						ProvisioningStyle = Automatic;
					};
					FF1E36681DCEB50F005276ED = {
						CreatedOnToolsVersion = 8.1;
						DevelopmentTeam = 2DX87RQR8M;
						ProvisioningStyle = Automatic;
						TestTargetID = FF1E36541DCEB50F005276ED;
					};
					FF1E36731DCEB50F005276ED = {
						CreatedOnToolsVersion = 8.1;
						DevelopmentTeam = 2DX87RQR8M;
						ProvisioningStyle = Automatic;
						TestTargetID = FF1E36541DCEB50F005276ED;
					};
				};
			};
			buildConfigurationList = FF1E36501DCEB50F005276ED /* Build configuration list for PBXProject "Fitness" */;
			compatibilityVersion = "Xcode 3.2";
			developmentRegion = English;
			hasScannedForEncodings = 0;
			knownRegions = (
				en,
				Base,
			);
			mainGroup = FF1E364C1DCEB50F005276ED;
			productRefGroup = FF1E36561DCEB50F005276ED /* Products */;
			projectDirPath = "";
			projectRoot = "";
			targets = (
				FF1E36541DCEB50F005276ED /* Fitness */,
				FF1E36681DCEB50F005276ED /* FitnessTests */,
				FF1E36731DCEB50F005276ED /* FitnessUITests */,
			);
		};
/* End PBXProject section */

/* Begin PBXResourcesBuildPhase section */
		FF1E36531DCEB50F005276ED /* Resources */ = {
			isa = PBXResourcesBuildPhase;
			buildActionMask = 2147483647;
			files = (
				FF46A0321DCF341100D476AC /* Branding-SemiLight.otf in Resources */,
				FF1E36631DCEB50F005276ED /* LaunchScreen.storyboard in Resources */,
				FF46A0311DCF341100D476AC /* Branding-Medium.otf in Resources */,
				FF1E36601DCEB50F005276ED /* Assets.xcassets in Resources */,
				FF46A0301DCF341100D476AC /* Branding-Black.otf in Resources */,
			);
			runOnlyForDeploymentPostprocessing = 0;
		};
		FF1E36671DCEB50F005276ED /* Resources */ = {
			isa = PBXResourcesBuildPhase;
			buildActionMask = 2147483647;
			files = (
			);
			runOnlyForDeploymentPostprocessing = 0;
		};
		FF1E36721DCEB50F005276ED /* Resources */ = {
			isa = PBXResourcesBuildPhase;
			buildActionMask = 2147483647;
			files = (
			);
			runOnlyForDeploymentPostprocessing = 0;
		};
/* End PBXResourcesBuildPhase section */

/* Begin PBXShellScriptBuildPhase section */
		1589E7AF7011C62F2C3E40EE /* [CP] Embed Pods Frameworks */ = {
			isa = PBXShellScriptBuildPhase;
			buildActionMask = 2147483647;
			files = (
			);
			inputPaths = (
			);
			name = "[CP] Embed Pods Frameworks";
			outputPaths = (
			);
			runOnlyForDeploymentPostprocessing = 0;
			shellPath = /bin/sh;
			shellScript = "\"${SRCROOT}/Pods/Target Support Files/Pods-Fitness/Pods-Fitness-frameworks.sh\"\n";
			showEnvVarsInLog = 0;
		};
		5FD48019DFCBD48884EF55AA /* [CP] Check Pods Manifest.lock */ = {
			isa = PBXShellScriptBuildPhase;
			buildActionMask = 2147483647;
			files = (
			);
			inputPaths = (
			);
			name = "[CP] Check Pods Manifest.lock";
			outputPaths = (
			);
			runOnlyForDeploymentPostprocessing = 0;
			shellPath = /bin/sh;
			shellScript = "diff \"${PODS_ROOT}/../Podfile.lock\" \"${PODS_ROOT}/Manifest.lock\" > /dev/null\nif [ $? != 0 ] ; then\n    # print error to STDERR\n    echo \"error: The sandbox is not in sync with the Podfile.lock. Run 'pod install' or update your CocoaPods installation.\" >&2\n    exit 1\nfi\n";
			showEnvVarsInLog = 0;
		};
		6785CB4BF17A136F7F2AFCDD /* [CP] Check Pods Manifest.lock */ = {
			isa = PBXShellScriptBuildPhase;
			buildActionMask = 2147483647;
			files = (
			);
			inputPaths = (
			);
			name = "[CP] Check Pods Manifest.lock";
			outputPaths = (
			);
			runOnlyForDeploymentPostprocessing = 0;
			shellPath = /bin/sh;
			shellScript = "diff \"${PODS_ROOT}/../Podfile.lock\" \"${PODS_ROOT}/Manifest.lock\" > /dev/null\nif [ $? != 0 ] ; then\n    # print error to STDERR\n    echo \"error: The sandbox is not in sync with the Podfile.lock. Run 'pod install' or update your CocoaPods installation.\" >&2\n    exit 1\nfi\n";
			showEnvVarsInLog = 0;
		};
		68EE0EE0188C7DB42D170FD0 /* [CP] Copy Pods Resources */ = {
			isa = PBXShellScriptBuildPhase;
			buildActionMask = 2147483647;
			files = (
			);
			inputPaths = (
			);
			name = "[CP] Copy Pods Resources";
			outputPaths = (
			);
			runOnlyForDeploymentPostprocessing = 0;
			shellPath = /bin/sh;
			shellScript = "\"${SRCROOT}/Pods/Target Support Files/Pods-FitnessTests/Pods-FitnessTests-resources.sh\"\n";
			showEnvVarsInLog = 0;
		};
		7133E0399EEAFBDFB53F1B6E /* [CP] Copy Pods Resources */ = {
			isa = PBXShellScriptBuildPhase;
			buildActionMask = 2147483647;
			files = (
			);
			inputPaths = (
			);
			name = "[CP] Copy Pods Resources";
			outputPaths = (
			);
			runOnlyForDeploymentPostprocessing = 0;
			shellPath = /bin/sh;
			shellScript = "\"${SRCROOT}/Pods/Target Support Files/Pods-Fitness/Pods-Fitness-resources.sh\"\n";
			showEnvVarsInLog = 0;
		};
		900772B2E975168F9D64418C /* [CP] Copy Pods Resources */ = {
			isa = PBXShellScriptBuildPhase;
			buildActionMask = 2147483647;
			files = (
			);
			inputPaths = (
			);
			name = "[CP] Copy Pods Resources";
			outputPaths = (
			);
			runOnlyForDeploymentPostprocessing = 0;
			shellPath = /bin/sh;
			shellScript = "\"${SRCROOT}/Pods/Target Support Files/Pods-FitnessUITests/Pods-FitnessUITests-resources.sh\"\n";
			showEnvVarsInLog = 0;
		};
		A6DC62DF0374189252A613BB /* [CP] Embed Pods Frameworks */ = {
			isa = PBXShellScriptBuildPhase;
			buildActionMask = 2147483647;
			files = (
			);
			inputPaths = (
			);
			name = "[CP] Embed Pods Frameworks";
			outputPaths = (
			);
			runOnlyForDeploymentPostprocessing = 0;
			shellPath = /bin/sh;
			shellScript = "\"${SRCROOT}/Pods/Target Support Files/Pods-FitnessUITests/Pods-FitnessUITests-frameworks.sh\"\n";
			showEnvVarsInLog = 0;
		};
		C0256D4310FC5FB5CC93CF8F /* [CP] Check Pods Manifest.lock */ = {
			isa = PBXShellScriptBuildPhase;
			buildActionMask = 2147483647;
			files = (
			);
			inputPaths = (
			);
			name = "[CP] Check Pods Manifest.lock";
			outputPaths = (
			);
			runOnlyForDeploymentPostprocessing = 0;
			shellPath = /bin/sh;
			shellScript = "diff \"${PODS_ROOT}/../Podfile.lock\" \"${PODS_ROOT}/Manifest.lock\" > /dev/null\nif [ $? != 0 ] ; then\n    # print error to STDERR\n    echo \"error: The sandbox is not in sync with the Podfile.lock. Run 'pod install' or update your CocoaPods installation.\" >&2\n    exit 1\nfi\n";
			showEnvVarsInLog = 0;
		};
		C736FC11E82DDF36F2B70B5B /* [CP] Embed Pods Frameworks */ = {
			isa = PBXShellScriptBuildPhase;
			buildActionMask = 2147483647;
			files = (
			);
			inputPaths = (
			);
			name = "[CP] Embed Pods Frameworks";
			outputPaths = (
			);
			runOnlyForDeploymentPostprocessing = 0;
			shellPath = /bin/sh;
			shellScript = "\"${SRCROOT}/Pods/Target Support Files/Pods-FitnessTests/Pods-FitnessTests-frameworks.sh\"\n";
			showEnvVarsInLog = 0;
		};
/* End PBXShellScriptBuildPhase section */

/* Begin PBXSourcesBuildPhase section */
		FF1E36511DCEB50F005276ED /* Sources */ = {
			isa = PBXSourcesBuildPhase;
			buildActionMask = 2147483647;
			files = (
				FF30C4D01DCFE42F00343692 /* StringExtensions.swift in Sources */,
				FF1E365B1DCEB50F005276ED /* ViewController.swift in Sources */,
				FF1E368E1DCEB7BF005276ED /* Exercise.swift in Sources */,
				FFEBDC761DCEC05900B638B3 /* ExerciseCard.swift in Sources */,
				FF46A0291DCF325B00D476AC /* APIClient.swift in Sources */,
				FF51136A1DCEC58F00AB100D /* CustomCollectionView.swift in Sources */,
				FF51136C1DCEC77600AB100D /* Constants.swift in Sources */,
				FF46A02C1DCF33D400D476AC /* MidSizeLabel.swift in Sources */,
				FF2740D31DCF3E3C0004F77C /* Errors.swift in Sources */,
				FF1E368C1DCEB67F005276ED /* Colors.swift in Sources */,
				FF1E36591DCEB50F005276ED /* AppDelegate.swift in Sources */,
				FF46A03C1DCF39CB00D476AC /* FitnessClient.swift in Sources */,
			);
			runOnlyForDeploymentPostprocessing = 0;
		};
		FF1E36651DCEB50F005276ED /* Sources */ = {
			isa = PBXSourcesBuildPhase;
			buildActionMask = 2147483647;
			files = (
				FF1E366E1DCEB50F005276ED /* FitnessTests.swift in Sources */,
			);
			runOnlyForDeploymentPostprocessing = 0;
		};
		FF1E36701DCEB50F005276ED /* Sources */ = {
			isa = PBXSourcesBuildPhase;
			buildActionMask = 2147483647;
			files = (
				FF1E36791DCEB50F005276ED /* FitnessUITests.swift in Sources */,
			);
			runOnlyForDeploymentPostprocessing = 0;
		};
/* End PBXSourcesBuildPhase section */

/* Begin PBXTargetDependency section */
		FF1E366B1DCEB50F005276ED /* PBXTargetDependency */ = {
			isa = PBXTargetDependency;
			target = FF1E36541DCEB50F005276ED /* Fitness */;
			targetProxy = FF1E366A1DCEB50F005276ED /* PBXContainerItemProxy */;
		};
		FF1E36761DCEB50F005276ED /* PBXTargetDependency */ = {
			isa = PBXTargetDependency;
			target = FF1E36541DCEB50F005276ED /* Fitness */;
			targetProxy = FF1E36751DCEB50F005276ED /* PBXContainerItemProxy */;
		};
/* End PBXTargetDependency section */

/* Begin PBXVariantGroup section */
		FF1E36611DCEB50F005276ED /* LaunchScreen.storyboard */ = {
			isa = PBXVariantGroup;
			children = (
				FF1E36621DCEB50F005276ED /* Base */,
			);
			name = LaunchScreen.storyboard;
			sourceTree = "<group>";
		};
/* End PBXVariantGroup section */

/* Begin XCBuildConfiguration section */
		FF1E367B1DCEB50F005276ED /* Debug */ = {
			isa = XCBuildConfiguration;
			buildSettings = {
				ALWAYS_SEARCH_USER_PATHS = NO;
				CLANG_ANALYZER_NONNULL = YES;
				CLANG_CXX_LANGUAGE_STANDARD = "gnu++0x";
				CLANG_CXX_LIBRARY = "libc++";
				CLANG_ENABLE_MODULES = YES;
				CLANG_ENABLE_OBJC_ARC = YES;
				CLANG_WARN_BOOL_CONVERSION = YES;
				CLANG_WARN_CONSTANT_CONVERSION = YES;
				CLANG_WARN_DIRECT_OBJC_ISA_USAGE = YES_ERROR;
				CLANG_WARN_DOCUMENTATION_COMMENTS = YES;
				CLANG_WARN_EMPTY_BODY = YES;
				CLANG_WARN_ENUM_CONVERSION = YES;
				CLANG_WARN_INFINITE_RECURSION = YES;
				CLANG_WARN_INT_CONVERSION = YES;
				CLANG_WARN_OBJC_ROOT_CLASS = YES_ERROR;
				CLANG_WARN_SUSPICIOUS_MOVE = YES;
				CLANG_WARN_SUSPICIOUS_MOVES = YES;
				CLANG_WARN_UNREACHABLE_CODE = YES;
				CLANG_WARN__DUPLICATE_METHOD_MATCH = YES;
				"CODE_SIGN_IDENTITY[sdk=iphoneos*]" = "iPhone Developer";
				COPY_PHASE_STRIP = NO;
				DEBUG_INFORMATION_FORMAT = dwarf;
				ENABLE_STRICT_OBJC_MSGSEND = YES;
				ENABLE_TESTABILITY = YES;
				GCC_C_LANGUAGE_STANDARD = gnu99;
				GCC_DYNAMIC_NO_PIC = NO;
				GCC_NO_COMMON_BLOCKS = YES;
				GCC_OPTIMIZATION_LEVEL = 0;
				GCC_PREPROCESSOR_DEFINITIONS = (
					"DEBUG=1",
					"$(inherited)",
				);
				GCC_WARN_64_TO_32_BIT_CONVERSION = YES;
				GCC_WARN_ABOUT_RETURN_TYPE = YES_ERROR;
				GCC_WARN_UNDECLARED_SELECTOR = YES;
				GCC_WARN_UNINITIALIZED_AUTOS = YES_AGGRESSIVE;
				GCC_WARN_UNUSED_FUNCTION = YES;
				GCC_WARN_UNUSED_VARIABLE = YES;
				IPHONEOS_DEPLOYMENT_TARGET = 10.1;
				MTL_ENABLE_DEBUG_INFO = YES;
				ONLY_ACTIVE_ARCH = YES;
				SDKROOT = iphoneos;
				SWIFT_ACTIVE_COMPILATION_CONDITIONS = DEBUG;
				SWIFT_OPTIMIZATION_LEVEL = "-Onone";
			};
			name = Debug;
		};
		FF1E367C1DCEB50F005276ED /* Release */ = {
			isa = XCBuildConfiguration;
			buildSettings = {
				ALWAYS_SEARCH_USER_PATHS = NO;
				CLANG_ANALYZER_NONNULL = YES;
				CLANG_CXX_LANGUAGE_STANDARD = "gnu++0x";
				CLANG_CXX_LIBRARY = "libc++";
				CLANG_ENABLE_MODULES = YES;
				CLANG_ENABLE_OBJC_ARC = YES;
				CLANG_WARN_BOOL_CONVERSION = YES;
				CLANG_WARN_CONSTANT_CONVERSION = YES;
				CLANG_WARN_DIRECT_OBJC_ISA_USAGE = YES_ERROR;
				CLANG_WARN_DOCUMENTATION_COMMENTS = YES;
				CLANG_WARN_EMPTY_BODY = YES;
				CLANG_WARN_ENUM_CONVERSION = YES;
				CLANG_WARN_INFINITE_RECURSION = YES;
				CLANG_WARN_INT_CONVERSION = YES;
				CLANG_WARN_OBJC_ROOT_CLASS = YES_ERROR;
				CLANG_WARN_SUSPICIOUS_MOVE = YES;
				CLANG_WARN_SUSPICIOUS_MOVES = YES;
				CLANG_WARN_UNREACHABLE_CODE = YES;
				CLANG_WARN__DUPLICATE_METHOD_MATCH = YES;
				"CODE_SIGN_IDENTITY[sdk=iphoneos*]" = "iPhone Developer";
				COPY_PHASE_STRIP = NO;
				DEBUG_INFORMATION_FORMAT = "dwarf-with-dsym";
				ENABLE_NS_ASSERTIONS = NO;
				ENABLE_STRICT_OBJC_MSGSEND = YES;
				GCC_C_LANGUAGE_STANDARD = gnu99;
				GCC_NO_COMMON_BLOCKS = YES;
				GCC_WARN_64_TO_32_BIT_CONVERSION = YES;
				GCC_WARN_ABOUT_RETURN_TYPE = YES_ERROR;
				GCC_WARN_UNDECLARED_SELECTOR = YES;
				GCC_WARN_UNINITIALIZED_AUTOS = YES_AGGRESSIVE;
				GCC_WARN_UNUSED_FUNCTION = YES;
				GCC_WARN_UNUSED_VARIABLE = YES;
				IPHONEOS_DEPLOYMENT_TARGET = 10.1;
				MTL_ENABLE_DEBUG_INFO = NO;
				SDKROOT = iphoneos;
				SWIFT_OPTIMIZATION_LEVEL = "-Owholemodule";
				VALIDATE_PRODUCT = YES;
			};
			name = Release;
		};
		FF1E367E1DCEB50F005276ED /* Debug */ = {
			isa = XCBuildConfiguration;
			baseConfigurationReference = 379D9431108E04DE534C2637 /* Pods-Fitness.debug.xcconfig */;
			buildSettings = {
				ASSETCATALOG_COMPILER_APPICON_NAME = AppIcon;
				CLANG_ENABLE_MODULES = YES;
				DEVELOPMENT_TEAM = 2DX87RQR8M;
				INFOPLIST_FILE = Fitness/Info.plist;
				IPHONEOS_DEPLOYMENT_TARGET = 9.0;
				LD_RUNPATH_SEARCH_PATHS = "$(inherited) @executable_path/Frameworks";
				PRODUCT_BUNDLE_IDENTIFIER = josepbordesjove.Fitness;
				PRODUCT_NAME = "$(TARGET_NAME)";
				SWIFT_OPTIMIZATION_LEVEL = "-Onone";
				SWIFT_VERSION = 3.0;
			};
			name = Debug;
		};
		FF1E367F1DCEB50F005276ED /* Release */ = {
			isa = XCBuildConfiguration;
			baseConfigurationReference = B6FD347DAA0088FAC7245D01 /* Pods-Fitness.release.xcconfig */;
			buildSettings = {
				ASSETCATALOG_COMPILER_APPICON_NAME = AppIcon;
				CLANG_ENABLE_MODULES = YES;
				DEVELOPMENT_TEAM = 2DX87RQR8M;
				INFOPLIST_FILE = Fitness/Info.plist;
				IPHONEOS_DEPLOYMENT_TARGET = 9.0;
				LD_RUNPATH_SEARCH_PATHS = "$(inherited) @executable_path/Frameworks";
				PRODUCT_BUNDLE_IDENTIFIER = josepbordesjove.Fitness;
				PRODUCT_NAME = "$(TARGET_NAME)";
				SWIFT_VERSION = 3.0;
			};
			name = Release;
		};
		FF1E36811DCEB50F005276ED /* Debug */ = {
			isa = XCBuildConfiguration;
			baseConfigurationReference = EF72AB03D7CEF1EF0AE4EDBE /* Pods-FitnessTests.debug.xcconfig */;
			buildSettings = {
				ALWAYS_EMBED_SWIFT_STANDARD_LIBRARIES = YES;
				BUNDLE_LOADER = "$(TEST_HOST)";
				DEVELOPMENT_TEAM = 2DX87RQR8M;
				INFOPLIST_FILE = FitnessTests/Info.plist;
				LD_RUNPATH_SEARCH_PATHS = "$(inherited) @executable_path/Frameworks @loader_path/Frameworks";
				PRODUCT_BUNDLE_IDENTIFIER = josepbordesjove.FitnessTests;
				PRODUCT_NAME = "$(TARGET_NAME)";
				SWIFT_VERSION = 3.0;
				TEST_HOST = "$(BUILT_PRODUCTS_DIR)/Fitness.app/Fitness";
			};
			name = Debug;
		};
		FF1E36821DCEB50F005276ED /* Release */ = {
			isa = XCBuildConfiguration;
			baseConfigurationReference = 5AF0B5C3E646CF1A11CCEEA6 /* Pods-FitnessTests.release.xcconfig */;
			buildSettings = {
				ALWAYS_EMBED_SWIFT_STANDARD_LIBRARIES = YES;
				BUNDLE_LOADER = "$(TEST_HOST)";
				DEVELOPMENT_TEAM = 2DX87RQR8M;
				INFOPLIST_FILE = FitnessTests/Info.plist;
				LD_RUNPATH_SEARCH_PATHS = "$(inherited) @executable_path/Frameworks @loader_path/Frameworks";
				PRODUCT_BUNDLE_IDENTIFIER = josepbordesjove.FitnessTests;
				PRODUCT_NAME = "$(TARGET_NAME)";
				SWIFT_VERSION = 3.0;
				TEST_HOST = "$(BUILT_PRODUCTS_DIR)/Fitness.app/Fitness";
			};
			name = Release;
		};
		FF1E36841DCEB50F005276ED /* Debug */ = {
			isa = XCBuildConfiguration;
			baseConfigurationReference = 3C7D1E3EA774741BCBB0887D /* Pods-FitnessUITests.debug.xcconfig */;
			buildSettings = {
				ALWAYS_EMBED_SWIFT_STANDARD_LIBRARIES = YES;
				DEVELOPMENT_TEAM = 2DX87RQR8M;
				INFOPLIST_FILE = FitnessUITests/Info.plist;
				LD_RUNPATH_SEARCH_PATHS = "$(inherited) @executable_path/Frameworks @loader_path/Frameworks";
				PRODUCT_BUNDLE_IDENTIFIER = josepbordesjove.FitnessUITests;
				PRODUCT_NAME = "$(TARGET_NAME)";
				SWIFT_VERSION = 3.0;
				TEST_TARGET_NAME = Fitness;
			};
			name = Debug;
		};
		FF1E36851DCEB50F005276ED /* Release */ = {
			isa = XCBuildConfiguration;
			baseConfigurationReference = 465FD7FF192E9EE80F85C086 /* Pods-FitnessUITests.release.xcconfig */;
			buildSettings = {
				ALWAYS_EMBED_SWIFT_STANDARD_LIBRARIES = YES;
				DEVELOPMENT_TEAM = 2DX87RQR8M;
				INFOPLIST_FILE = FitnessUITests/Info.plist;
				LD_RUNPATH_SEARCH_PATHS = "$(inherited) @executable_path/Frameworks @loader_path/Frameworks";
				PRODUCT_BUNDLE_IDENTIFIER = josepbordesjove.FitnessUITests;
				PRODUCT_NAME = "$(TARGET_NAME)";
				SWIFT_VERSION = 3.0;
				TEST_TARGET_NAME = Fitness;
			};
			name = Release;
		};
/* End XCBuildConfiguration section */

/* Begin XCConfigurationList section */
		FF1E36501DCEB50F005276ED /* Build configuration list for PBXProject "Fitness" */ = {
			isa = XCConfigurationList;
			buildConfigurations = (
				FF1E367B1DCEB50F005276ED /* Debug */,
				FF1E367C1DCEB50F005276ED /* Release */,
			);
			defaultConfigurationIsVisible = 0;
			defaultConfigurationName = Release;
		};
		FF1E367D1DCEB50F005276ED /* Build configuration list for PBXNativeTarget "Fitness" */ = {
			isa = XCConfigurationList;
			buildConfigurations = (
				FF1E367E1DCEB50F005276ED /* Debug */,
				FF1E367F1DCEB50F005276ED /* Release */,
			);
			defaultConfigurationIsVisible = 0;
			defaultConfigurationName = Release;
		};
		FF1E36801DCEB50F005276ED /* Build configuration list for PBXNativeTarget "FitnessTests" */ = {
			isa = XCConfigurationList;
			buildConfigurations = (
				FF1E36811DCEB50F005276ED /* Debug */,
				FF1E36821DCEB50F005276ED /* Release */,
			);
			defaultConfigurationIsVisible = 0;
			defaultConfigurationName = Release;
		};
		FF1E36831DCEB50F005276ED /* Build configuration list for PBXNativeTarget "FitnessUITests" */ = {
			isa = XCConfigurationList;
			buildConfigurations = (
				FF1E36841DCEB50F005276ED /* Debug */,
				FF1E36851DCEB50F005276ED /* Release */,
			);
			defaultConfigurationIsVisible = 0;
			defaultConfigurationName = Release;
		};
/* End XCConfigurationList section */
	};
	rootObject = FF1E364D1DCEB50F005276ED /* Project object */;
}
